{
  "name": "fatorial",
  "version": "1.0.0",
  "lockfileVersion": 1,
  "requires": true,
  "dependencies": {
    "factorial": {
      "version": "2.0.0",
      "resolved": "https://registry.npmjs.org/factorial/-/factorial-2.0.0.tgz",
      "integrity": "sha512-9KcbU/f21MyFd3QT7qzpdYsBkbIJ2qpUDKGW3RIf37OdH4UsozRUCwGOwxeAqW9XJG8QtW/CqnkxoAzpGPxE+A=="
    },
    "readline-sync": {
      "version": "1.4.10",
      "resolved": "https://registry.npmjs.org/readline-sync/-/readline-sync-1.4.10.tgz",
      "integrity": "sha512-gNva8/6UAe8QYepIQH/jQ2qn91Qj0B9sYjMBBs3QOB8F2CXcKgLxQaJRP76sWVRQt+QU+8fAkCbCvjjMFu7Ycw=="
    }
  }
}
